
Microsoft Visual Studio Solution File, Format Version 12.00
# Visual Studio 15
VisualStudioVersion = 15.0.26730.12
MinimumVisualStudioVersion = 10.0.40219.1
Project("{FAE04EC0-301F-11D3-BF4B-00C04F79EFBC}") = "StringDealings", "StringDealings\StringDealings.csproj", "{B4F2641C-7F88-49F0-97B8-8048648C0EAA}"
EndProject
Project("{FAE04EC0-301F-11D3-BF4B-00C04F79EFBC}") = "DriverConsole", "DriverConsole\DriverConsole.csproj", "{64CFEF60-AA52-4488-A2EA-2849F65BEA15}"
EndProject
Project("{FAE04EC0-301F-11D3-BF4B-00C04F79EFBC}") = "IntDealings", "IntDealings\IntDealings.csproj", "{4781A557-49F1-4577-82EB-C99051B00E8F}"
EndProject
Project("{FAE04EC0-301F-11D3-BF4B-00C04F79EFBC}") = "XmlDealings", "XmlDealings\XmlDealings.csproj", "{3BC39837-F815-41D7-91AD-59DB14C70265}"
EndProject
Project("{FAE04EC0-301F-11D3-BF4B-00C04F79EFBC}") = "LinqAndSql", "LinqAndSql\LinqAndSql.csproj", "{F8F94CC2-2430-43A2-9BB4-FF43FB46F880}"
EndProject
Global
	GlobalSection(SolutionConfigurationPlatforms) = preSolution
		Debug|Any CPU = Debug|Any CPU
		Release|Any CPU = Release|Any CPU
	EndGlobalSection
	GlobalSection(ProjectConfigurationPlatforms) = postSolution
		{B4F2641C-7F88-49F0-97B8-8048648C0EAA}.Debug|Any CPU.ActiveCfg = Debug|Any CPU
		{B4F2641C-7F88-49F0-97B8-8048648C0EAA}.Debug|Any CPU.Build.0 = Debug|Any CPU
		{B4F2641C-7F88-49F0-97B8-8048648C0EAA}.Release|Any CPU.ActiveCfg = Release|Any CPU
		{B4F2641C-7F88-49F0-97B8-8048648C0EAA}.Release|Any CPU.Build.0 = Release|Any CPU
		{64CFEF60-AA52-4488-A2EA-2849F65BEA15}.Debug|Any CPU.ActiveCfg = Debug|Any CPU
		{64CFEF60-AA52-4488-A2EA-2849F65BEA15}.Debug|Any CPU.Build.0 = Debug|Any CPU
		{64CFEF60-AA52-4488-A2EA-2849F65BEA15}.Release|Any CPU.ActiveCfg = Release|Any CPU
		{64CFEF60-AA52-4488-A2EA-2849F65BEA15}.Release|Any CPU.Build.0 = Release|Any CPU
		{4781A557-49F1-4577-82EB-C99051B00E8F}.Debug|Any CPU.ActiveCfg = Debug|Any CPU
		{4781A557-49F1-4577-82EB-C99051B00E8F}.Debug|Any CPU.Build.0 = Debug|Any CPU
		{4781A557-49F1-4577-82EB-C99051B00E8F}.Release|Any CPU.ActiveCfg = Release|Any CPU
		{4781A557-49F1-4577-82EB-C99051B00E8F}.Release|Any CPU.Build.0 = Release|Any CPU
		{3BC39837-F815-41D7-91AD-59DB14C70265}.Debug|Any CPU.ActiveCfg = Debug|Any CPU
		{3BC39837-F815-41D7-91AD-59DB14C70265}.Debug|Any CPU.Build.0 = Debug|Any CPU
		{3BC39837-F815-41D7-91AD-59DB14C70265}.Release|Any CPU.ActiveCfg = Release|Any CPU
		{3BC39837-F815-41D7-91AD-59DB14C70265}.Release|Any CPU.Build.0 = Release|Any CPU
		{F8F94CC2-2430-43A2-9BB4-FF43FB46F880}.Debug|Any CPU.ActiveCfg = Debug|Any CPU
		{F8F94CC2-2430-43A2-9BB4-FF43FB46F880}.Debug|Any CPU.Build.0 = Debug|Any CPU
		{F8F94CC2-2430-43A2-9BB4-FF43FB46F880}.Release|Any CPU.ActiveCfg = Release|Any CPU
		{F8F94CC2-2430-43A2-9BB4-FF43FB46F880}.Release|Any CPU.Build.0 = Release|Any CPU
	EndGlobalSection
	GlobalSection(SolutionProperties) = preSolution
		HideSolutionNode = FALSE
	EndGlobalSection
	GlobalSection(ExtensibilityGlobals) = postSolution
		SolutionGuid = {E5D6F2C2-380C-48ED-AB85-3334CA2596E6}
	EndGlobalSection
EndGlobal
